
Microsoft Visual Studio Solution File, Format Version 12.00
# Visual Studio 15
VisualStudioVersion = 15.0.26124.0
MinimumVisualStudioVersion = 15.0.26124.0
Project("{2150E333-8FDC-42A3-9474-1A3956D46DE8}") = "src", "src", "{CD6CCF1C-416F-4ACB-99F0-5FBA9A813502}"
EndProject
Project("{FAE04EC0-301F-11D3-BF4B-00C04F79EFBC}") = "SaonGroupTest.Client", "src\SaonGroupTest.Client\SaonGroupTest.Client.csproj", "{4A0DEBF5-4633-4691-9320-278BE783AE90}"
EndProject
Project("{FAE04EC0-301F-11D3-BF4B-00C04F79EFBC}") = "SaonGroupTest.Tests", "src\SaonGroupTest.Tests\SaonGroupTest.Tests.csproj", "{F222AA8B-2DE1-4A03-B682-21C6110159FD}"
EndProject
Global
	GlobalSection(SolutionConfigurationPlatforms) = preSolution
		Debug|Any CPU = Debug|Any CPU
		Debug|x64 = Debug|x64
		Debug|x86 = Debug|x86
		Release|Any CPU = Release|Any CPU
		Release|x64 = Release|x64
		Release|x86 = Release|x86
	EndGlobalSection
	GlobalSection(SolutionProperties) = preSolution
		HideSolutionNode = FALSE
	EndGlobalSection
	GlobalSection(ProjectConfigurationPlatforms) = postSolution
		{4A0DEBF5-4633-4691-9320-278BE783AE90}.Debug|Any CPU.ActiveCfg = Debug|Any CPU
		{4A0DEBF5-4633-4691-9320-278BE783AE90}.Debug|Any CPU.Build.0 = Debug|Any CPU
		{4A0DEBF5-4633-4691-9320-278BE783AE90}.Debug|x64.ActiveCfg = Debug|Any CPU
		{4A0DEBF5-4633-4691-9320-278BE783AE90}.Debug|x64.Build.0 = Debug|Any CPU
		{4A0DEBF5-4633-4691-9320-278BE783AE90}.Debug|x86.ActiveCfg = Debug|Any CPU
		{4A0DEBF5-4633-4691-9320-278BE783AE90}.Debug|x86.Build.0 = Debug|Any CPU
		{4A0DEBF5-4633-4691-9320-278BE783AE90}.Release|Any CPU.ActiveCfg = Release|Any CPU
		{4A0DEBF5-4633-4691-9320-278BE783AE90}.Release|Any CPU.Build.0 = Release|Any CPU
		{4A0DEBF5-4633-4691-9320-278BE783AE90}.Release|x64.ActiveCfg = Release|Any CPU
		{4A0DEBF5-4633-4691-9320-278BE783AE90}.Release|x64.Build.0 = Release|Any CPU
		{4A0DEBF5-4633-4691-9320-278BE783AE90}.Release|x86.ActiveCfg = Release|Any CPU
		{4A0DEBF5-4633-4691-9320-278BE783AE90}.Release|x86.Build.0 = Release|Any CPU
		{F222AA8B-2DE1-4A03-B682-21C6110159FD}.Debug|Any CPU.ActiveCfg = Debug|Any CPU
		{F222AA8B-2DE1-4A03-B682-21C6110159FD}.Debug|Any CPU.Build.0 = Debug|Any CPU
		{F222AA8B-2DE1-4A03-B682-21C6110159FD}.Debug|x64.ActiveCfg = Debug|Any CPU
		{F222AA8B-2DE1-4A03-B682-21C6110159FD}.Debug|x64.Build.0 = Debug|Any CPU
		{F222AA8B-2DE1-4A03-B682-21C6110159FD}.Debug|x86.ActiveCfg = Debug|Any CPU
		{F222AA8B-2DE1-4A03-B682-21C6110159FD}.Debug|x86.Build.0 = Debug|Any CPU
		{F222AA8B-2DE1-4A03-B682-21C6110159FD}.Release|Any CPU.ActiveCfg = Release|Any CPU
		{F222AA8B-2DE1-4A03-B682-21C6110159FD}.Release|Any CPU.Build.0 = Release|Any CPU
		{F222AA8B-2DE1-4A03-B682-21C6110159FD}.Release|x64.ActiveCfg = Release|Any CPU
		{F222AA8B-2DE1-4A03-B682-21C6110159FD}.Release|x64.Build.0 = Release|Any CPU
		{F222AA8B-2DE1-4A03-B682-21C6110159FD}.Release|x86.ActiveCfg = Release|Any CPU
		{F222AA8B-2DE1-4A03-B682-21C6110159FD}.Release|x86.Build.0 = Release|Any CPU
	EndGlobalSection
	GlobalSection(NestedProjects) = preSolution
		{4A0DEBF5-4633-4691-9320-278BE783AE90} = {CD6CCF1C-416F-4ACB-99F0-5FBA9A813502}
		{F222AA8B-2DE1-4A03-B682-21C6110159FD} = {CD6CCF1C-416F-4ACB-99F0-5FBA9A813502}
	EndGlobalSection
EndGlobal
